
Microsoft Visual Studio Solution File, Format Version 10.00
# Visual Studio 2008
Project("{E24C65DC-7377-472B-9ABA-BC803B73C61A}") = "InventecWeb", ".", "{2EBBDA6D-68D0-4B8E-8B4F-49832E8953A3}"
	ProjectSection(WebsiteProperties) = preProject
		TargetFramework = "3.5"
		Debug.AspNetCompiler.VirtualPath = "/InventecWeb"
		Debug.AspNetCompiler.PhysicalPath = "D:\Vic\ICC\InventecWeb\"
		Debug.AspNetCompiler.TargetPath = "PrecompiledWeb\InventecWeb\"
		Debug.AspNetCompiler.Updateable = "true"
		Debug.AspNetCompiler.ForceOverwrite = "true"
		Debug.AspNetCompiler.FixedNames = "false"
		Debug.AspNetCompiler.Debug = "True"
		Release.AspNetCompiler.VirtualPath = "/InventecWeb"
		Release.AspNetCompiler.PhysicalPath = "D:\Vic\ICC\InventecWeb\"
		Release.AspNetCompiler.TargetPath = "PrecompiledWeb\InventecWeb\"
		Release.AspNetCompiler.Updateable = "true"
		Release.AspNetCompiler.ForceOverwrite = "true"
		Release.AspNetCompiler.FixedNames = "false"
		Release.AspNetCompiler.Debug = "False"
		VWDPort = "61606"
	EndProjectSection
EndProject
Global
	GlobalSection(SolutionConfigurationPlatforms) = preSolution
		Debug|Any CPU = Debug|Any CPU
	EndGlobalSection
	GlobalSection(ProjectConfigurationPlatforms) = postSolution
		{2EBBDA6D-68D0-4B8E-8B4F-49832E8953A3}.Debug|Any CPU.ActiveCfg = Debug|Any CPU
		{2EBBDA6D-68D0-4B8E-8B4F-49832E8953A3}.Debug|Any CPU.Build.0 = Debug|Any CPU
	EndGlobalSection
	GlobalSection(SolutionProperties) = preSolution
		HideSolutionNode = FALSE
	EndGlobalSection
EndGlobal
