
Microsoft Visual Studio Solution File, Format Version 10.00
# Visual Studio 2008
Project("{E24C65DC-7377-472B-9ABA-BC803B73C61A}") = "HPEDITS_WebApp_20080124", ".", "{304727BC-DCE6-4B2C-8EDA-4255AD779998}"
	ProjectSection(WebsiteProperties) = preProject
		TargetFramework = "3.5"
		ProjectReferences = "{2A588847-B617-4E70-8F73-6339A95DF140}|Inventec.HPEDITS.XmlCreator.dll;"
		Debug.AspNetCompiler.VirtualPath = "/HPEDITS"
		Debug.AspNetCompiler.PhysicalPath = "..\HPEDITS\"
		Debug.AspNetCompiler.TargetPath = "C:\Inetpub\wwwroot\HPEDITS\"
		Debug.AspNetCompiler.Updateable = "true"
		Debug.AspNetCompiler.ForceOverwrite = "true"
		Debug.AspNetCompiler.FixedNames = "false"
		Debug.AspNetCompiler.Debug = "True"
		Release.AspNetCompiler.VirtualPath = "/HPEDITS"
		Release.AspNetCompiler.PhysicalPath = "..\HPEDITS\"
		Release.AspNetCompiler.TargetPath = "C:\Inetpub\wwwroot\HPEDITS\"
		Release.AspNetCompiler.Updateable = "true"
		Release.AspNetCompiler.ForceOverwrite = "true"
		Release.AspNetCompiler.FixedNames = "false"
		Release.AspNetCompiler.Debug = "False"
		VWDPort = "36236"
		DefaultWebSiteLanguage = "Visual C#"
	EndProjectSection
	ProjectSection(ProjectDependencies) = postProject
		{9E39160E-EC35-4297-81EE-DBCF45D4F872} = {9E39160E-EC35-4297-81EE-DBCF45D4F872}
		{96116DF6-1873-4896-A185-6A40ABA75670} = {96116DF6-1873-4896-A185-6A40ABA75670}
	EndProjectSection
EndProject
Project("{FAE04EC0-301F-11D3-BF4B-00C04F79EFBC}") = "XmlCreator", "..\..\XmlCreator\XmlCreator.csproj", "{2A588847-B617-4E70-8F73-6339A95DF140}"
EndProject
Project("{FAE04EC0-301F-11D3-BF4B-00C04F79EFBC}") = "FOPWrap", "..\HPEDITS_ddl_20080124\FOPCommandWrap\FOPWrap\FOPWrap.csproj", "{9E39160E-EC35-4297-81EE-DBCF45D4F872}"
EndProject
Project("{FAE04EC0-301F-11D3-BF4B-00C04F79EFBC}") = "Parser", "..\..\Parser\Parser.csproj", "{96116DF6-1873-4896-A185-6A40ABA75670}"
EndProject
Global
	GlobalSection(SolutionConfigurationPlatforms) = preSolution
		Debug|.NET = Debug|.NET
		Debug|Any CPU = Debug|Any CPU
		Debug|Mixed Platforms = Debug|Mixed Platforms
		Release|.NET = Release|.NET
		Release|Any CPU = Release|Any CPU
		Release|Mixed Platforms = Release|Mixed Platforms
	EndGlobalSection
	GlobalSection(ProjectConfigurationPlatforms) = postSolution
		{304727BC-DCE6-4B2C-8EDA-4255AD779998}.Debug|.NET.ActiveCfg = Debug|.NET
		{304727BC-DCE6-4B2C-8EDA-4255AD779998}.Debug|.NET.Build.0 = Debug|.NET
		{304727BC-DCE6-4B2C-8EDA-4255AD779998}.Debug|Any CPU.ActiveCfg = Debug|.NET
		{304727BC-DCE6-4B2C-8EDA-4255AD779998}.Debug|Mixed Platforms.ActiveCfg = Debug|.NET
		{304727BC-DCE6-4B2C-8EDA-4255AD779998}.Debug|Mixed Platforms.Build.0 = Debug|.NET
		{304727BC-DCE6-4B2C-8EDA-4255AD779998}.Release|.NET.ActiveCfg = Debug|.NET
		{304727BC-DCE6-4B2C-8EDA-4255AD779998}.Release|.NET.Build.0 = Debug|.NET
		{304727BC-DCE6-4B2C-8EDA-4255AD779998}.Release|Any CPU.ActiveCfg = Debug|.NET
		{304727BC-DCE6-4B2C-8EDA-4255AD779998}.Release|Mixed Platforms.ActiveCfg = Debug|.NET
		{304727BC-DCE6-4B2C-8EDA-4255AD779998}.Release|Mixed Platforms.Build.0 = Debug|.NET
		{2A588847-B617-4E70-8F73-6339A95DF140}.Debug|.NET.ActiveCfg = Debug|Any CPU
		{2A588847-B617-4E70-8F73-6339A95DF140}.Debug|Any CPU.ActiveCfg = Debug|Any CPU
		{2A588847-B617-4E70-8F73-6339A95DF140}.Debug|Any CPU.Build.0 = Debug|Any CPU
		{2A588847-B617-4E70-8F73-6339A95DF140}.Debug|Mixed Platforms.ActiveCfg = Debug|Any CPU
		{2A588847-B617-4E70-8F73-6339A95DF140}.Debug|Mixed Platforms.Build.0 = Debug|Any CPU
		{2A588847-B617-4E70-8F73-6339A95DF140}.Release|.NET.ActiveCfg = Release|Any CPU
		{2A588847-B617-4E70-8F73-6339A95DF140}.Release|Any CPU.ActiveCfg = Release|Any CPU
		{2A588847-B617-4E70-8F73-6339A95DF140}.Release|Any CPU.Build.0 = Release|Any CPU
		{2A588847-B617-4E70-8F73-6339A95DF140}.Release|Mixed Platforms.ActiveCfg = Release|Any CPU
		{2A588847-B617-4E70-8F73-6339A95DF140}.Release|Mixed Platforms.Build.0 = Release|Any CPU
		{9E39160E-EC35-4297-81EE-DBCF45D4F872}.Debug|.NET.ActiveCfg = Debug|Any CPU
		{9E39160E-EC35-4297-81EE-DBCF45D4F872}.Debug|Any CPU.ActiveCfg = Debug|Any CPU
		{9E39160E-EC35-4297-81EE-DBCF45D4F872}.Debug|Any CPU.Build.0 = Debug|Any CPU
		{9E39160E-EC35-4297-81EE-DBCF45D4F872}.Debug|Mixed Platforms.ActiveCfg = Debug|Any CPU
		{9E39160E-EC35-4297-81EE-DBCF45D4F872}.Debug|Mixed Platforms.Build.0 = Debug|Any CPU
		{9E39160E-EC35-4297-81EE-DBCF45D4F872}.Release|.NET.ActiveCfg = Release|Any CPU
		{9E39160E-EC35-4297-81EE-DBCF45D4F872}.Release|Any CPU.ActiveCfg = Release|Any CPU
		{9E39160E-EC35-4297-81EE-DBCF45D4F872}.Release|Any CPU.Build.0 = Release|Any CPU
		{9E39160E-EC35-4297-81EE-DBCF45D4F872}.Release|Mixed Platforms.ActiveCfg = Release|Any CPU
		{9E39160E-EC35-4297-81EE-DBCF45D4F872}.Release|Mixed Platforms.Build.0 = Release|Any CPU
		{96116DF6-1873-4896-A185-6A40ABA75670}.Debug|.NET.ActiveCfg = Debug|Any CPU
		{96116DF6-1873-4896-A185-6A40ABA75670}.Debug|Any CPU.ActiveCfg = Debug|Any CPU
		{96116DF6-1873-4896-A185-6A40ABA75670}.Debug|Any CPU.Build.0 = Debug|Any CPU
		{96116DF6-1873-4896-A185-6A40ABA75670}.Debug|Mixed Platforms.ActiveCfg = Debug|Any CPU
		{96116DF6-1873-4896-A185-6A40ABA75670}.Debug|Mixed Platforms.Build.0 = Debug|Any CPU
		{96116DF6-1873-4896-A185-6A40ABA75670}.Release|.NET.ActiveCfg = Release|Any CPU
		{96116DF6-1873-4896-A185-6A40ABA75670}.Release|Any CPU.ActiveCfg = Release|Any CPU
		{96116DF6-1873-4896-A185-6A40ABA75670}.Release|Any CPU.Build.0 = Release|Any CPU
		{96116DF6-1873-4896-A185-6A40ABA75670}.Release|Mixed Platforms.ActiveCfg = Release|Any CPU
		{96116DF6-1873-4896-A185-6A40ABA75670}.Release|Mixed Platforms.Build.0 = Release|Any CPU
	EndGlobalSection
	GlobalSection(SolutionProperties) = preSolution
		HideSolutionNode = FALSE
	EndGlobalSection
EndGlobal
