
Microsoft Visual Studio Solution File, Format Version 10.00
# Visual Studio 2008
Project("{FAE04EC0-301F-11D3-BF4B-00C04F79EFBC}") = "IMES.WS", "IMES.WS\IMES.WS.csproj", "{9A714E45-56A6-4984-ADB5-2E350148E6AF}"
	ProjectSection(ProjectDependencies) = postProject
		{351C2553-AFD7-447B-8FDA-97AB040893B3} = {351C2553-AFD7-447B-8FDA-97AB040893B3}
	EndProjectSection
EndProject
Project("{FAE04EC0-301F-11D3-BF4B-00C04F79EFBC}") = "IMES.Query.DB", "IMES.Query.DB\IMES.Query.DB.csproj", "{351C2553-AFD7-447B-8FDA-97AB040893B3}"
EndProject
Project("{FAE04EC0-301F-11D3-BF4B-00C04F79EFBC}") = "IMES.Service.MO", "IMES.Service.MO\IMES.Service.MO.csproj", "{7EB5691F-AA6B-4AC1-A4FC-01CDF3ADC06C}"
	ProjectSection(ProjectDependencies) = postProject
		{D8FC4842-8DAD-42FF-BA2D-4FF1A731175C} = {D8FC4842-8DAD-42FF-BA2D-4FF1A731175C}
		{351C2553-AFD7-447B-8FDA-97AB040893B3} = {351C2553-AFD7-447B-8FDA-97AB040893B3}
	EndProjectSection
EndProject
Project("{FAE04EC0-301F-11D3-BF4B-00C04F79EFBC}") = "IMES.SAP.Interface", "IMES.SAP.Interface\IMES.SAP.Interface.csproj", "{D8FC4842-8DAD-42FF-BA2D-4FF1A731175C}"
	ProjectSection(ProjectDependencies) = postProject
		{351C2553-AFD7-447B-8FDA-97AB040893B3} = {351C2553-AFD7-447B-8FDA-97AB040893B3}
	EndProjectSection
EndProject
Project("{FAE04EC0-301F-11D3-BF4B-00C04F79EFBC}") = "IMES.SAP.Implementation", "IMES.SAP.Implementation\IMES.SAP.Implementation.csproj", "{DF809704-7E6A-47FF-8728-0D4DE72695C7}"
	ProjectSection(ProjectDependencies) = postProject
		{7EB5691F-AA6B-4AC1-A4FC-01CDF3ADC06C} = {7EB5691F-AA6B-4AC1-A4FC-01CDF3ADC06C}
		{D8FC4842-8DAD-42FF-BA2D-4FF1A731175C} = {D8FC4842-8DAD-42FF-BA2D-4FF1A731175C}
		{9A714E45-56A6-4984-ADB5-2E350148E6AF} = {9A714E45-56A6-4984-ADB5-2E350148E6AF}
		{351C2553-AFD7-447B-8FDA-97AB040893B3} = {351C2553-AFD7-447B-8FDA-97AB040893B3}
	EndProjectSection
EndProject
Project("{FAE04EC0-301F-11D3-BF4B-00C04F79EFBC}") = "IMES.SAP.Service", "IMES.SAP.Service\IMES.SAP.Service.csproj", "{A6D2BE15-E2A2-45FA-A270-F4E9DA1649A2}"
	ProjectSection(ProjectDependencies) = postProject
		{DF809704-7E6A-47FF-8728-0D4DE72695C7} = {DF809704-7E6A-47FF-8728-0D4DE72695C7}
		{7EB5691F-AA6B-4AC1-A4FC-01CDF3ADC06C} = {7EB5691F-AA6B-4AC1-A4FC-01CDF3ADC06C}
		{D8FC4842-8DAD-42FF-BA2D-4FF1A731175C} = {D8FC4842-8DAD-42FF-BA2D-4FF1A731175C}
		{9A714E45-56A6-4984-ADB5-2E350148E6AF} = {9A714E45-56A6-4984-ADB5-2E350148E6AF}
		{351C2553-AFD7-447B-8FDA-97AB040893B3} = {351C2553-AFD7-447B-8FDA-97AB040893B3}
	EndProjectSection
EndProject
Project("{FAE04EC0-301F-11D3-BF4B-00C04F79EFBC}") = "IMES.SAP.HostConsole", "IMES.SAP.HostConsole\IMES.SAP.HostConsole.csproj", "{174E4AC9-07E9-49BF-B351-999A21332E2C}"
	ProjectSection(ProjectDependencies) = postProject
		{DF809704-7E6A-47FF-8728-0D4DE72695C7} = {DF809704-7E6A-47FF-8728-0D4DE72695C7}
		{D8FC4842-8DAD-42FF-BA2D-4FF1A731175C} = {D8FC4842-8DAD-42FF-BA2D-4FF1A731175C}
		{9A714E45-56A6-4984-ADB5-2E350148E6AF} = {9A714E45-56A6-4984-ADB5-2E350148E6AF}
		{351C2553-AFD7-447B-8FDA-97AB040893B3} = {351C2553-AFD7-447B-8FDA-97AB040893B3}
	EndProjectSection
EndProject
Global
	GlobalSection(SolutionConfigurationPlatforms) = preSolution
		Debug|Any CPU = Debug|Any CPU
		Release|Any CPU = Release|Any CPU
	EndGlobalSection
	GlobalSection(ProjectConfigurationPlatforms) = postSolution
		{9A714E45-56A6-4984-ADB5-2E350148E6AF}.Debug|Any CPU.ActiveCfg = Debug|Any CPU
		{9A714E45-56A6-4984-ADB5-2E350148E6AF}.Debug|Any CPU.Build.0 = Debug|Any CPU
		{9A714E45-56A6-4984-ADB5-2E350148E6AF}.Release|Any CPU.ActiveCfg = Release|Any CPU
		{9A714E45-56A6-4984-ADB5-2E350148E6AF}.Release|Any CPU.Build.0 = Release|Any CPU
		{351C2553-AFD7-447B-8FDA-97AB040893B3}.Debug|Any CPU.ActiveCfg = Debug|Any CPU
		{351C2553-AFD7-447B-8FDA-97AB040893B3}.Debug|Any CPU.Build.0 = Debug|Any CPU
		{351C2553-AFD7-447B-8FDA-97AB040893B3}.Release|Any CPU.ActiveCfg = Release|Any CPU
		{351C2553-AFD7-447B-8FDA-97AB040893B3}.Release|Any CPU.Build.0 = Release|Any CPU
		{7EB5691F-AA6B-4AC1-A4FC-01CDF3ADC06C}.Debug|Any CPU.ActiveCfg = Debug|Any CPU
		{7EB5691F-AA6B-4AC1-A4FC-01CDF3ADC06C}.Debug|Any CPU.Build.0 = Debug|Any CPU
		{7EB5691F-AA6B-4AC1-A4FC-01CDF3ADC06C}.Release|Any CPU.ActiveCfg = Release|Any CPU
		{7EB5691F-AA6B-4AC1-A4FC-01CDF3ADC06C}.Release|Any CPU.Build.0 = Release|Any CPU
		{D8FC4842-8DAD-42FF-BA2D-4FF1A731175C}.Debug|Any CPU.ActiveCfg = Debug|Any CPU
		{D8FC4842-8DAD-42FF-BA2D-4FF1A731175C}.Debug|Any CPU.Build.0 = Debug|Any CPU
		{D8FC4842-8DAD-42FF-BA2D-4FF1A731175C}.Release|Any CPU.ActiveCfg = Release|Any CPU
		{D8FC4842-8DAD-42FF-BA2D-4FF1A731175C}.Release|Any CPU.Build.0 = Release|Any CPU
		{DF809704-7E6A-47FF-8728-0D4DE72695C7}.Debug|Any CPU.ActiveCfg = Debug|Any CPU
		{DF809704-7E6A-47FF-8728-0D4DE72695C7}.Debug|Any CPU.Build.0 = Debug|Any CPU
		{DF809704-7E6A-47FF-8728-0D4DE72695C7}.Release|Any CPU.ActiveCfg = Release|Any CPU
		{DF809704-7E6A-47FF-8728-0D4DE72695C7}.Release|Any CPU.Build.0 = Release|Any CPU
		{A6D2BE15-E2A2-45FA-A270-F4E9DA1649A2}.Debug|Any CPU.ActiveCfg = Debug|Any CPU
		{A6D2BE15-E2A2-45FA-A270-F4E9DA1649A2}.Debug|Any CPU.Build.0 = Debug|Any CPU
		{A6D2BE15-E2A2-45FA-A270-F4E9DA1649A2}.Release|Any CPU.ActiveCfg = Release|Any CPU
		{A6D2BE15-E2A2-45FA-A270-F4E9DA1649A2}.Release|Any CPU.Build.0 = Release|Any CPU
		{174E4AC9-07E9-49BF-B351-999A21332E2C}.Debug|Any CPU.ActiveCfg = Debug|Any CPU
		{174E4AC9-07E9-49BF-B351-999A21332E2C}.Debug|Any CPU.Build.0 = Debug|Any CPU
		{174E4AC9-07E9-49BF-B351-999A21332E2C}.Release|Any CPU.ActiveCfg = Release|Any CPU
		{174E4AC9-07E9-49BF-B351-999A21332E2C}.Release|Any CPU.Build.0 = Release|Any CPU
	EndGlobalSection
	GlobalSection(SolutionProperties) = preSolution
		HideSolutionNode = FALSE
	EndGlobalSection
EndGlobal
